
Microsoft Visual Studio Solution File, Format Version 12.00
# Visual Studio Version 17
VisualStudioVersion = 17.5.002.0
MinimumVisualStudioVersion = 10.0.40219.1
Project("{9A19103F-16F7-4668-BE54-9A1E7A4F7556}") = "l05-loops", "l05-loops.csproj", "{2381583A-6345-431E-8B55-40AC8C024FEF}"
EndProject
Project("{2150E333-8FDC-42A3-9474-1A3956D46DE8}") = "l10-assignment", "l10-assignment", "{8578BE9E-0DFA-4028-A068-74116FC88313}"
EndProject
Project("{9A19103F-16F7-4668-BE54-9A1E7A4F7556}") = "Assignment", "l10-assignment\Assignment\Assignment.csproj", "{57B8E5B5-61DE-42D4-B5D6-020318C98CDB}"
EndProject
Project("{9A19103F-16F7-4668-BE54-9A1E7A4F7556}") = "UnitTests", "l10-assignment\UnitTests\UnitTests.csproj", "{AF736A44-66CE-445A-851E-9C9E7006F366}"
EndProject
Global
	GlobalSection(SolutionConfigurationPlatforms) = preSolution
		Debug|Any CPU = Debug|Any CPU
		Release|Any CPU = Release|Any CPU
	EndGlobalSection
	GlobalSection(ProjectConfigurationPlatforms) = postSolution
		{2381583A-6345-431E-8B55-40AC8C024FEF}.Debug|Any CPU.ActiveCfg = Debug|Any CPU
		{2381583A-6345-431E-8B55-40AC8C024FEF}.Debug|Any CPU.Build.0 = Debug|Any CPU
		{2381583A-6345-431E-8B55-40AC8C024FEF}.Release|Any CPU.ActiveCfg = Release|Any CPU
		{2381583A-6345-431E-8B55-40AC8C024FEF}.Release|Any CPU.Build.0 = Release|Any CPU
		{57B8E5B5-61DE-42D4-B5D6-020318C98CDB}.Debug|Any CPU.ActiveCfg = Debug|Any CPU
		{57B8E5B5-61DE-42D4-B5D6-020318C98CDB}.Debug|Any CPU.Build.0 = Debug|Any CPU
		{57B8E5B5-61DE-42D4-B5D6-020318C98CDB}.Release|Any CPU.ActiveCfg = Release|Any CPU
		{57B8E5B5-61DE-42D4-B5D6-020318C98CDB}.Release|Any CPU.Build.0 = Release|Any CPU
		{AF736A44-66CE-445A-851E-9C9E7006F366}.Debug|Any CPU.ActiveCfg = Debug|Any CPU
		{AF736A44-66CE-445A-851E-9C9E7006F366}.Debug|Any CPU.Build.0 = Debug|Any CPU
		{AF736A44-66CE-445A-851E-9C9E7006F366}.Release|Any CPU.ActiveCfg = Release|Any CPU
		{AF736A44-66CE-445A-851E-9C9E7006F366}.Release|Any CPU.Build.0 = Release|Any CPU
	EndGlobalSection
	GlobalSection(SolutionProperties) = preSolution
		HideSolutionNode = FALSE
	EndGlobalSection
	GlobalSection(NestedProjects) = preSolution
		{57B8E5B5-61DE-42D4-B5D6-020318C98CDB} = {8578BE9E-0DFA-4028-A068-74116FC88313}
		{AF736A44-66CE-445A-851E-9C9E7006F366} = {8578BE9E-0DFA-4028-A068-74116FC88313}
	EndGlobalSection
	GlobalSection(ExtensibilityGlobals) = postSolution
		SolutionGuid = {8CEBBE79-75CD-4990-9C58-B1940E5BF62F}
	EndGlobalSection
EndGlobal
